// !$*UTF8*$!
{
	archiveVersion = 1;
	classes = {
	};
	objectVersion = 55;
	objects = {

/* Begin PBXBuildFile section */
		74152460273037F000730CC2 /* alarm_sound.mp3 in Resources */ = {isa = PBXBuildFile; fileRef = 7415245F273037F000730CC2 /* alarm_sound.mp3 */; };
		746276BE272AA48E00C89855 /* AppDelegate.swift in Sources */ = {isa = PBXBuildFile; fileRef = 746276BD272AA48E00C89855 /* AppDelegate.swift */; };
		746276C0272AA48E00C89855 /* SceneDelegate.swift in Sources */ = {isa = PBXBuildFile; fileRef = 746276BF272AA48E00C89855 /* SceneDelegate.swift */; };
		746276C2272AA48E00C89855 /* ViewController.swift in Sources */ = {isa = PBXBuildFile; fileRef = 746276C1272AA48E00C89855 /* ViewController.swift */; };
		746276C5272AA48E00C89855 /* Main.storyboard in Resources */ = {isa = PBXBuildFile; fileRef = 746276C3272AA48E00C89855 /* Main.storyboard */; };
		746276C8272AA48E00C89855 /* Boiled_egg.xcdatamodeld in Sources */ = {isa = PBXBuildFile; fileRef = 746276C6272AA48E00C89855 /* Boiled_egg.xcdatamodeld */; };
		746276CA272AA49000C89855 /* Assets.xcassets in Resources */ = {isa = PBXBuildFile; fileRef = 746276C9272AA49000C89855 /* Assets.xcassets */; };
		746276CD272AA49000C89855 /* LaunchScreen.storyboard in Resources */ = {isa = PBXBuildFile; fileRef = 746276CB272AA49000C89855 /* LaunchScreen.storyboard */; };
		746276D8272AA49000C89855 /* Boiled_eggTests.swift in Sources */ = {isa = PBXBuildFile; fileRef = 746276D7272AA49000C89855 /* Boiled_eggTests.swift */; };
		746276E2272AA49000C89855 /* Boiled_eggUITests.swift in Sources */ = {isa = PBXBuildFile; fileRef = 746276E1272AA49000C89855 /* Boiled_eggUITests.swift */; };
		746276E4272AA49000C89855 /* Boiled_eggUITestsLaunchTests.swift in Sources */ = {isa = PBXBuildFile; fileRef = 746276E3272AA49000C89855 /* Boiled_eggUITestsLaunchTests.swift */; };
/* End PBXBuildFile section */

/* Begin PBXContainerItemProxy section */
		746276D4272AA49000C89855 /* PBXContainerItemProxy */ = {
			isa = PBXContainerItemProxy;
			containerPortal = 746276B2272AA48E00C89855 /* Project object */;
			proxyType = 1;
			remoteGlobalIDString = 746276B9272AA48E00C89855;
			remoteInfo = "Boiled egg";
		};
		746276DE272AA49000C89855 /* PBXContainerItemProxy */ = {
			isa = PBXContainerItemProxy;
			containerPortal = 746276B2272AA48E00C89855 /* Project object */;
			proxyType = 1;
			remoteGlobalIDString = 746276B9272AA48E00C89855;
			remoteInfo = "Boiled egg";
		};
/* End PBXContainerItemProxy section */

/* Begin PBXFileReference section */
		7415245F273037F000730CC2 /* alarm_sound.mp3 */ = {isa = PBXFileReference; lastKnownFileType = audio.mp3; name = alarm_sound.mp3; path = "../../../../../Documents/EggTimer-iOS13/EggTimer/alarm_sound.mp3"; sourceTree = "<group>"; };
		746276BA272AA48E00C89855 /* Boiled egg.app */ = {isa = PBXFileReference; explicitFileType = wrapper.application; includeInIndex = 0; path = "Boiled egg.app"; sourceTree = BUILT_PRODUCTS_DIR; };
		746276BD272AA48E00C89855 /* AppDelegate.swift */ = {isa = PBXFileReference; lastKnownFileType = sourcecode.swift; path = AppDelegate.swift; sourceTree = "<group>"; };
		746276BF272AA48E00C89855 /* SceneDelegate.swift */ = {isa = PBXFileReference; lastKnownFileType = sourcecode.swift; path = SceneDelegate.swift; sourceTree = "<group>"; };
		746276C1272AA48E00C89855 /* ViewController.swift */ = {isa = PBXFileReference; lastKnownFileType = sourcecode.swift; path = ViewController.swift; sourceTree = "<group>"; };
		746276C4272AA48E00C89855 /* Base */ = {isa = PBXFileReference; lastKnownFileType = file.storyboard; name = Base; path = Base.lproj/Main.storyboard; sourceTree = "<group>"; };
		746276C7272AA48E00C89855 /* Boiled_egg.xcdatamodel */ = {isa = PBXFileReference; lastKnownFileType = wrapper.xcdatamodel; path = Boiled_egg.xcdatamodel; sourceTree = "<group>"; };
		746276C9272AA49000C89855 /* Assets.xcassets */ = {isa = PBXFileReference; lastKnownFileType = folder.assetcatalog; path = Assets.xcassets; sourceTree = "<group>"; };
		746276CC272AA49000C89855 /* Base */ = {isa = PBXFileReference; lastKnownFileType = file.storyboard; name = Base; path = Base.lproj/LaunchScreen.storyboard; sourceTree = "<group>"; };
		746276CE272AA49000C89855 /* Info.plist */ = {isa = PBXFileReference; lastKnownFileType = text.plist.xml; path = Info.plist; sourceTree = "<group>"; };
		746276D3272AA49000C89855 /* Boiled eggTests.xctest */ = {isa = PBXFileReference; explicitFileType = wrapper.cfbundle; includeInIndex = 0; path = "Boiled eggTests.xctest"; sourceTree = BUILT_PRODUCTS_DIR; };
		746276D7272AA49000C89855 /* Boiled_eggTests.swift */ = {isa = PBXFileReference; lastKnownFileType = sourcecode.swift; path = Boiled_eggTests.swift; sourceTree = "<group>"; };
		746276DD272AA49000C89855 /* Boiled eggUITests.xctest */ = {isa = PBXFileReference; explicitFileType = wrapper.cfbundle; includeInIndex = 0; path = "Boiled eggUITests.xctest"; sourceTree = BUILT_PRODUCTS_DIR; };
		746276E1272AA49000C89855 /* Boiled_eggUITests.swift */ = {isa = PBXFileReference; lastKnownFileType = sourcecode.swift; path = Boiled_eggUITests.swift; sourceTree = "<group>"; };
		746276E3272AA49000C89855 /* Boiled_eggUITestsLaunchTests.swift */ = {isa = PBXFileReference; lastKnownFileType = sourcecode.swift; path = Boiled_eggUITestsLaunchTests.swift; sourceTree = "<group>"; };
/* End PBXFileReference section */

/* Begin PBXFrameworksBuildPhase section */
		746276B7272AA48E00C89855 /* Frameworks */ = {
			isa = PBXFrameworksBuildPhase;
			buildActionMask = 2147483647;
			files = (
			);
			runOnlyForDeploymentPostprocessing = 0;
		};
		746276D0272AA49000C89855 /* Frameworks */ = {
			isa = PBXFrameworksBuildPhase;
			buildActionMask = 2147483647;
			files = (
			);
			runOnlyForDeploymentPostprocessing = 0;
		};
		746276DA272AA49000C89855 /* Frameworks */ = {
			isa = PBXFrameworksBuildPhase;
			buildActionMask = 2147483647;
			files = (
			);
			runOnlyForDeploymentPostprocessing = 0;
		};
/* End PBXFrameworksBuildPhase section */

/* Begin PBXGroup section */
		746276B1272AA48E00C89855 = {
			isa = PBXGroup;
			children = (
				746276BC272AA48E00C89855 /* Boiled egg */,
				746276D6272AA49000C89855 /* Boiled eggTests */,
				746276E0272AA49000C89855 /* Boiled eggUITests */,
				746276BB272AA48E00C89855 /* Products */,
			);
			sourceTree = "<group>";
		};
		746276BB272AA48E00C89855 /* Products */ = {
			isa = PBXGroup;
			children = (
				746276BA272AA48E00C89855 /* Boiled egg.app */,
				746276D3272AA49000C89855 /* Boiled eggTests.xctest */,
				746276DD272AA49000C89855 /* Boiled eggUITests.xctest */,
			);
			name = Products;
			sourceTree = "<group>";
		};
		746276BC272AA48E00C89855 /* Boiled egg */ = {
			isa = PBXGroup;
			children = (
				746276BD272AA48E00C89855 /* AppDelegate.swift */,
				746276BF272AA48E00C89855 /* SceneDelegate.swift */,
				746276C1272AA48E00C89855 /* ViewController.swift */,
				746276C3272AA48E00C89855 /* Main.storyboard */,
				746276C9272AA49000C89855 /* Assets.xcassets */,
				746276CB272AA49000C89855 /* LaunchScreen.storyboard */,
				7415245F273037F000730CC2 /* alarm_sound.mp3 */,
				746276CE272AA49000C89855 /* Info.plist */,
				746276C6272AA48E00C89855 /* Boiled_egg.xcdatamodeld */,
			);
			path = "Boiled egg";
			sourceTree = "<group>";
		};
		746276D6272AA49000C89855 /* Boiled eggTests */ = {
			isa = PBXGroup;
			children = (
				746276D7272AA49000C89855 /* Boiled_eggTests.swift */,
			);
			path = "Boiled eggTests";
			sourceTree = "<group>";
		};
		746276E0272AA49000C89855 /* Boiled eggUITests */ = {
			isa = PBXGroup;
			children = (
				746276E1272AA49000C89855 /* Boiled_eggUITests.swift */,
				746276E3272AA49000C89855 /* Boiled_eggUITestsLaunchTests.swift */,
			);
			path = "Boiled eggUITests";
			sourceTree = "<group>";
		};
/* End PBXGroup section */

/* Begin PBXNativeTarget section */
		746276B9272AA48E00C89855 /* Boiled egg */ = {
			isa = PBXNativeTarget;
			buildConfigurationList = 746276E7272AA49000C89855 /* Build configuration list for PBXNativeTarget "Boiled egg" */;
			buildPhases = (
				746276B6272AA48E00C89855 /* Sources */,
				746276B7272AA48E00C89855 /* Frameworks */,
				746276B8272AA48E00C89855 /* Resources */,
			);
			buildRules = (
			);
			dependencies = (
			);
			name = "Boiled egg";
			productName = "Boiled egg";
			productReference = 746276BA272AA48E00C89855 /* Boiled egg.app */;
			productType = "com.apple.product-type.application";
		};
		746276D2272AA49000C89855 /* Boiled eggTests */ = {
			isa = PBXNativeTarget;
			buildConfigurationList = 746276EA272AA49000C89855 /* Build configuration list for PBXNativeTarget "Boiled eggTests" */;
			buildPhases = (
				746276CF272AA49000C89855 /* Sources */,
				746276D0272AA49000C89855 /* Frameworks */,
				746276D1272AA49000C89855 /* Resources */,
			);
			buildRules = (
			);
			dependencies = (
				746276D5272AA49000C89855 /* PBXTargetDependency */,
			);
			name = "Boiled eggTests";
			productName = "Boiled eggTests";
			productReference = 746276D3272AA49000C89855 /* Boiled eggTests.xctest */;
			productType = "com.apple.product-type.bundle.unit-test";
		};
		746276DC272AA49000C89855 /* Boiled eggUITests */ = {
			isa = PBXNativeTarget;
			buildConfigurationList = 746276ED272AA49000C89855 /* Build configuration list for PBXNativeTarget "Boiled eggUITests" */;
			buildPhases = (
				746276D9272AA49000C89855 /* Sources */,
				746276DA272AA49000C89855 /* Frameworks */,
				746276DB272AA49000C89855 /* Resources */,
			);
			buildRules = (
			);
			dependencies = (
				746276DF272AA49000C89855 /* PBXTargetDependency */,
			);
			name = "Boiled eggUITests";
			productName = "Boiled eggUITests";
			productReference = 746276DD272AA49000C89855 /* Boiled eggUITests.xctest */;
			productType = "com.apple.product-type.bundle.ui-testing";
		};
/* End PBXNativeTarget section */

/* Begin PBXProject section */
		746276B2272AA48E00C89855 /* Project object */ = {
			isa = PBXProject;
			attributes = {
				BuildIndependentTargetsInParallel = 1;
				LastSwiftUpdateCheck = 1300;
				LastUpgradeCheck = 1300;
				TargetAttributes = {
					746276B9272AA48E00C89855 = {
						CreatedOnToolsVersion = 13.0;
					};
					746276D2272AA49000C89855 = {
						CreatedOnToolsVersion = 13.0;
						TestTargetID = 746276B9272AA48E00C89855;
					};
					746276DC272AA49000C89855 = {
						CreatedOnToolsVersion = 13.0;
						TestTargetID = 746276B9272AA48E00C89855;
					};
				};
			};
			buildConfigurationList = 746276B5272AA48E00C89855 /* Build configuration list for PBXProject "Boiled egg" */;
			compatibilityVersion = "Xcode 13.0";
			developmentRegion = en;
			hasScannedForEncodings = 0;
			knownRegions = (
				en,
				Base,
			);
			mainGroup = 746276B1272AA48E00C89855;
			productRefGroup = 746276BB272AA48E00C89855 /* Products */;
			projectDirPath = "";
			projectRoot = "";
			targets = (
				746276B9272AA48E00C89855 /* Boiled egg */,
				746276D2272AA49000C89855 /* Boiled eggTests */,
				746276DC272AA49000C89855 /* Boiled eggUITests */,
			);
		};
/* End PBXProject section */

/* Begin PBXResourcesBuildPhase section */
		746276B8272AA48E00C89855 /* Resources */ = {
			isa = PBXResourcesBuildPhase;
			buildActionMask = 2147483647;
			files = (
				746276CD272AA49000C89855 /* LaunchScreen.storyboard in Resources */,
				746276CA272AA49000C89855 /* Assets.xcassets in Resources */,
				74152460273037F000730CC2 /* alarm_sound.mp3 in Resources */,
				746276C5272AA48E00C89855 /* Main.storyboard in Resources */,
			);
			runOnlyForDeploymentPostprocessing = 0;
		};
		746276D1272AA49000C89855 /* Resources */ = {
			isa = PBXResourcesBuildPhase;
			buildActionMask = 2147483647;
			files = (
			);
			runOnlyForDeploymentPostprocessing = 0;
		};
		746276DB272AA49000C89855 /* Resources */ = {
			isa = PBXResourcesBuildPhase;
			buildActionMask = 2147483647;
			files = (
			);
			runOnlyForDeploymentPostprocessing = 0;
		};
/* End PBXResourcesBuildPhase section */

/* Begin PBXSourcesBuildPhase section */
		746276B6272AA48E00C89855 /* Sources */ = {
			isa = PBXSourcesBuildPhase;
			buildActionMask = 2147483647;
			files = (
				746276C8272AA48E00C89855 /* Boiled_egg.xcdatamodeld in Sources */,
				746276C2272AA48E00C89855 /* ViewController.swift in Sources */,
				746276BE272AA48E00C89855 /* AppDelegate.swift in Sources */,
				746276C0272AA48E00C89855 /* SceneDelegate.swift in Sources */,
			);
			runOnlyForDeploymentPostprocessing = 0;
		};
		746276CF272AA49000C89855 /* Sources */ = {
			isa = PBXSourcesBuildPhase;
			buildActionMask = 2147483647;
			files = (
				746276D8272AA49000C89855 /* Boiled_eggTests.swift in Sources */,
			);
			runOnlyForDeploymentPostprocessing = 0;
		};
		746276D9272AA49000C89855 /* Sources */ = {
			isa = PBXSourcesBuildPhase;
			buildActionMask = 2147483647;
			files = (
				746276E2272AA49000C89855 /* Boiled_eggUITests.swift in Sources */,
				746276E4272AA49000C89855 /* Boiled_eggUITestsLaunchTests.swift in Sources */,
			);
			runOnlyForDeploymentPostprocessing = 0;
		};
/* End PBXSourcesBuildPhase section */

/* Begin PBXTargetDependency section */
		746276D5272AA49000C89855 /* PBXTargetDependency */ = {
			isa = PBXTargetDependency;
			target = 746276B9272AA48E00C89855 /* Boiled egg */;
			targetProxy = 746276D4272AA49000C89855 /* PBXContainerItemProxy */;
		};
		746276DF272AA49000C89855 /* PBXTargetDependency */ = {
			isa = PBXTargetDependency;
			target = 746276B9272AA48E00C89855 /* Boiled egg */;
			targetProxy = 746276DE272AA49000C89855 /* PBXContainerItemProxy */;
		};
/* End PBXTargetDependency section */

/* Begin PBXVariantGroup section */
		746276C3272AA48E00C89855 /* Main.storyboard */ = {
			isa = PBXVariantGroup;
			children = (
				746276C4272AA48E00C89855 /* Base */,
			);
			name = Main.storyboard;
			sourceTree = "<group>";
		};
		746276CB272AA49000C89855 /* LaunchScreen.storyboard */ = {
			isa = PBXVariantGroup;
			children = (
				746276CC272AA49000C89855 /* Base */,
			);
			name = LaunchScreen.storyboard;
			sourceTree = "<group>";
		};
/* End PBXVariantGroup section */

/* Begin XCBuildConfiguration section */
		746276E5272AA49000C89855 /* Debug */ = {
			isa = XCBuildConfiguration;
			buildSettings = {
				ALWAYS_SEARCH_USER_PATHS = NO;
				CLANG_ANALYZER_NONNULL = YES;
				CLANG_ANALYZER_NUMBER_OBJECT_CONVERSION = YES_AGGRESSIVE;
				CLANG_CXX_LANGUAGE_STANDARD = "gnu++17";
				CLANG_CXX_LIBRARY = "libc++";
				CLANG_ENABLE_MODULES = YES;
				CLANG_ENABLE_OBJC_ARC = YES;
				CLANG_ENABLE_OBJC_WEAK = YES;
				CLANG_WARN_BLOCK_CAPTURE_AUTORELEASING = YES;
				CLANG_WARN_BOOL_CONVERSION = YES;
				CLANG_WARN_COMMA = YES;
				CLANG_WARN_CONSTANT_CONVERSION = YES;
				CLANG_WARN_DEPRECATED_OBJC_IMPLEMENTATIONS = YES;
				CLANG_WARN_DIRECT_OBJC_ISA_USAGE = YES_ERROR;
				CLANG_WARN_DOCUMENTATION_COMMENTS = YES;
				CLANG_WARN_EMPTY_BODY = YES;
				CLANG_WARN_ENUM_CONVERSION = YES;
				CLANG_WARN_INFINITE_RECURSION = YES;
				CLANG_WARN_INT_CONVERSION = YES;
				CLANG_WARN_NON_LITERAL_NULL_CONVERSION = YES;
				CLANG_WARN_OBJC_IMPLICIT_RETAIN_SELF = YES;
				CLANG_WARN_OBJC_LITERAL_CONVERSION = YES;
				CLANG_WARN_OBJC_ROOT_CLASS = YES_ERROR;
				CLANG_WARN_QUOTED_INCLUDE_IN_FRAMEWORK_HEADER = YES;
				CLANG_WARN_RANGE_LOOP_ANALYSIS = YES;
				CLANG_WARN_STRICT_PROTOTYPES = YES;
				CLANG_WARN_SUSPICIOUS_MOVE = YES;
				CLANG_WARN_UNGUARDED_AVAILABILITY = YES_AGGRESSIVE;
				CLANG_WARN_UNREACHABLE_CODE = YES;
				CLANG_WARN__DUPLICATE_METHOD_MATCH = YES;
				COPY_PHASE_STRIP = NO;
				DEBUG_INFORMATION_FORMAT = dwarf;
				ENABLE_STRICT_OBJC_MSGSEND = YES;
				ENABLE_TESTABILITY = YES;
				GCC_C_LANGUAGE_STANDARD = gnu11;
				GCC_DYNAMIC_NO_PIC = NO;
				GCC_NO_COMMON_BLOCKS = YES;
				GCC_OPTIMIZATION_LEVEL = 0;
				GCC_PREPROCESSOR_DEFINITIONS = (
					"DEBUG=1",
					"$(inherited)",
				);
				GCC_WARN_64_TO_32_BIT_CONVERSION = YES;
				GCC_WARN_ABOUT_RETURN_TYPE = YES_ERROR;
				GCC_WARN_UNDECLARED_SELECTOR = YES;
				GCC_WARN_UNINITIALIZED_AUTOS = YES_AGGRESSIVE;
				GCC_WARN_UNUSED_FUNCTION = YES;
				GCC_WARN_UNUSED_VARIABLE = YES;
				IPHONEOS_DEPLOYMENT_TARGET = 15.0;
				MTL_ENABLE_DEBUG_INFO = INCLUDE_SOURCE;
				MTL_FAST_MATH = YES;
				ONLY_ACTIVE_ARCH = YES;
				SDKROOT = iphoneos;
				SWIFT_ACTIVE_COMPILATION_CONDITIONS = DEBUG;
				SWIFT_OPTIMIZATION_LEVEL = "-Onone";
			};
			name = Debug;
		};
		746276E6272AA49000C89855 /* Release */ = {
			isa = XCBuildConfiguration;
			buildSettings = {
				ALWAYS_SEARCH_USER_PATHS = NO;
				CLANG_ANALYZER_NONNULL = YES;
				CLANG_ANALYZER_NUMBER_OBJECT_CONVERSION = YES_AGGRESSIVE;
				CLANG_CXX_LANGUAGE_STANDARD = "gnu++17";
				CLANG_CXX_LIBRARY = "libc++";
				CLANG_ENABLE_MODULES = YES;
				CLANG_ENABLE_OBJC_ARC = YES;
				CLANG_ENABLE_OBJC_WEAK = YES;
				CLANG_WARN_BLOCK_CAPTURE_AUTORELEASING = YES;
				CLANG_WARN_BOOL_CONVERSION = YES;
				CLANG_WARN_COMMA = YES;
				CLANG_WARN_CONSTANT_CONVERSION = YES;
				CLANG_WARN_DEPRECATED_OBJC_IMPLEMENTATIONS = YES;
				CLANG_WARN_DIRECT_OBJC_ISA_USAGE = YES_ERROR;
				CLANG_WARN_DOCUMENTATION_COMMENTS = YES;
				CLANG_WARN_EMPTY_BODY = YES;
				CLANG_WARN_ENUM_CONVERSION = YES;
				CLANG_WARN_INFINITE_RECURSION = YES;
				CLANG_WARN_INT_CONVERSION = YES;
				CLANG_WARN_NON_LITERAL_NULL_CONVERSION = YES;
				CLANG_WARN_OBJC_IMPLICIT_RETAIN_SELF = YES;
				CLANG_WARN_OBJC_LITERAL_CONVERSION = YES;
				CLANG_WARN_OBJC_ROOT_CLASS = YES_ERROR;
				CLANG_WARN_QUOTED_INCLUDE_IN_FRAMEWORK_HEADER = YES;
				CLANG_WARN_RANGE_LOOP_ANALYSIS = YES;
				CLANG_WARN_STRICT_PROTOTYPES = YES;
				CLANG_WARN_SUSPICIOUS_MOVE = YES;
				CLANG_WARN_UNGUARDED_AVAILABILITY = YES_AGGRESSIVE;
				CLANG_WARN_UNREACHABLE_CODE = YES;
				CLANG_WARN__DUPLICATE_METHOD_MATCH = YES;
				COPY_PHASE_STRIP = NO;
				DEBUG_INFORMATION_FORMAT = "dwarf-with-dsym";
				ENABLE_NS_ASSERTIONS = NO;
				ENABLE_STRICT_OBJC_MSGSEND = YES;
				GCC_C_LANGUAGE_STANDARD = gnu11;
				GCC_NO_COMMON_BLOCKS = YES;
				GCC_WARN_64_TO_32_BIT_CONVERSION = YES;
				GCC_WARN_ABOUT_RETURN_TYPE = YES_ERROR;
				GCC_WARN_UNDECLARED_SELECTOR = YES;
				GCC_WARN_UNINITIALIZED_AUTOS = YES_AGGRESSIVE;
				GCC_WARN_UNUSED_FUNCTION = YES;
				GCC_WARN_UNUSED_VARIABLE = YES;
				IPHONEOS_DEPLOYMENT_TARGET = 15.0;
				MTL_ENABLE_DEBUG_INFO = NO;
				MTL_FAST_MATH = YES;
				SDKROOT = iphoneos;
				SWIFT_COMPILATION_MODE = wholemodule;
				SWIFT_OPTIMIZATION_LEVEL = "-O";
				VALIDATE_PRODUCT = YES;
			};
			name = Release;
		};
		746276E8272AA49000C89855 /* Debug */ = {
			isa = XCBuildConfiguration;
			buildSettings = {
				ASSETCATALOG_COMPILER_APPICON_NAME = AppIcon;
				ASSETCATALOG_COMPILER_GLOBAL_ACCENT_COLOR_NAME = AccentColor;
				CODE_SIGN_STYLE = Automatic;
				CURRENT_PROJECT_VERSION = 1;
				DEVELOPMENT_TEAM = WH5J483H76;
				GENERATE_INFOPLIST_FILE = YES;
				INFOPLIST_FILE = "Boiled egg/Info.plist";
				INFOPLIST_KEY_UIApplicationSupportsIndirectInputEvents = YES;
				INFOPLIST_KEY_UILaunchStoryboardName = LaunchScreen;
				INFOPLIST_KEY_UIMainStoryboardFile = Main;
				INFOPLIST_KEY_UISupportedInterfaceOrientations_iPad = "UIInterfaceOrientationPortrait UIInterfaceOrientationPortraitUpsideDown UIInterfaceOrientationLandscapeLeft UIInterfaceOrientationLandscapeRight";
				INFOPLIST_KEY_UISupportedInterfaceOrientations_iPhone = "UIInterfaceOrientationPortrait UIInterfaceOrientationLandscapeLeft UIInterfaceOrientationLandscapeRight";
				IPHONEOS_DEPLOYMENT_TARGET = 13.6;
				LD_RUNPATH_SEARCH_PATHS = (
					"$(inherited)",
					"@executable_path/Frameworks",
				);
				MARKETING_VERSION = 1.0;
				PRODUCT_BUNDLE_IDENTIFIER = "com.Radhasharana.Myapp.Boiled-egg";
				PRODUCT_NAME = "$(TARGET_NAME)";
				SWIFT_EMIT_LOC_STRINGS = YES;
				SWIFT_VERSION = 5.0;
				TARGETED_DEVICE_FAMILY = "1,2";
			};
			name = Debug;
		};
		746276E9272AA49000C89855 /* Release */ = {
			isa = XCBuildConfiguration;
			buildSettings = {
				ASSETCATALOG_COMPILER_APPICON_NAME = AppIcon;
				ASSETCATALOG_COMPILER_GLOBAL_ACCENT_COLOR_NAME = AccentColor;
				CODE_SIGN_STYLE = Automatic;
				CURRENT_PROJECT_VERSION = 1;
				DEVELOPMENT_TEAM = WH5J483H76;
				GENERATE_INFOPLIST_FILE = YES;
				INFOPLIST_FILE = "Boiled egg/Info.plist";
				INFOPLIST_KEY_UIApplicationSupportsIndirectInputEvents = YES;
				INFOPLIST_KEY_UILaunchStoryboardName = LaunchScreen;
				INFOPLIST_KEY_UIMainStoryboardFile = Main;
				INFOPLIST_KEY_UISupportedInterfaceOrientations_iPad = "UIInterfaceOrientationPortrait UIInterfaceOrientationPortraitUpsideDown UIInterfaceOrientationLandscapeLeft UIInterfaceOrientationLandscapeRight";
				INFOPLIST_KEY_UISupportedInterfaceOrientations_iPhone = "UIInterfaceOrientationPortrait UIInterfaceOrientationLandscapeLeft UIInterfaceOrientationLandscapeRight";
				IPHONEOS_DEPLOYMENT_TARGET = 13.6;
				LD_RUNPATH_SEARCH_PATHS = (
					"$(inherited)",
					"@executable_path/Frameworks",
				);
				MARKETING_VERSION = 1.0;
				PRODUCT_BUNDLE_IDENTIFIER = "com.Radhasharana.Myapp.Boiled-egg";
				PRODUCT_NAME = "$(TARGET_NAME)";
				SWIFT_EMIT_LOC_STRINGS = YES;
				SWIFT_VERSION = 5.0;
				TARGETED_DEVICE_FAMILY = "1,2";
			};
			name = Release;
		};
		746276EB272AA49000C89855 /* Debug */ = {
			isa = XCBuildConfiguration;
			buildSettings = {
				ALWAYS_EMBED_SWIFT_STANDARD_LIBRARIES = YES;
				BUNDLE_LOADER = "$(TEST_HOST)";
				CODE_SIGN_STYLE = Automatic;
				CURRENT_PROJECT_VERSION = 1;
				DEVELOPMENT_TEAM = WH5J483H76;
				GENERATE_INFOPLIST_FILE = YES;
				IPHONEOS_DEPLOYMENT_TARGET = 15.0;
				LD_RUNPATH_SEARCH_PATHS = (
					"$(inherited)",
					"@executable_path/Frameworks",
					"@loader_path/Frameworks",
				);
				MARKETING_VERSION = 1.0;
				PRODUCT_BUNDLE_IDENTIFIER = "com.Radhasharana.Myapp.Boiled-eggTests";
				PRODUCT_NAME = "$(TARGET_NAME)";
				SWIFT_EMIT_LOC_STRINGS = NO;
				SWIFT_VERSION = 5.0;
				TARGETED_DEVICE_FAMILY = "1,2";
				TEST_HOST = "$(BUILT_PRODUCTS_DIR)/Boiled egg.app/Boiled egg";
			};
			name = Debug;
		};
		746276EC272AA49000C89855 /* Release */ = {
			isa = XCBuildConfiguration;
			buildSettings = {
				ALWAYS_EMBED_SWIFT_STANDARD_LIBRARIES = YES;
				BUNDLE_LOADER = "$(TEST_HOST)";
				CODE_SIGN_STYLE = Automatic;
				CURRENT_PROJECT_VERSION = 1;
				DEVELOPMENT_TEAM = WH5J483H76;
				GENERATE_INFOPLIST_FILE = YES;
				IPHONEOS_DEPLOYMENT_TARGET = 15.0;
				LD_RUNPATH_SEARCH_PATHS = (
					"$(inherited)",
					"@executable_path/Frameworks",
					"@loader_path/Frameworks",
				);
				MARKETING_VERSION = 1.0;
				PRODUCT_BUNDLE_IDENTIFIER = "com.Radhasharana.Myapp.Boiled-eggTests";
				PRODUCT_NAME = "$(TARGET_NAME)";
				SWIFT_EMIT_LOC_STRINGS = NO;
				SWIFT_VERSION = 5.0;
				TARGETED_DEVICE_FAMILY = "1,2";
				TEST_HOST = "$(BUILT_PRODUCTS_DIR)/Boiled egg.app/Boiled egg";
			};
			name = Release;
		};
		746276EE272AA49000C89855 /* Debug */ = {
			isa = XCBuildConfiguration;
			buildSettings = {
				ALWAYS_EMBED_SWIFT_STANDARD_LIBRARIES = YES;
				CODE_SIGN_STYLE = Automatic;
				CURRENT_PROJECT_VERSION = 1;
				DEVELOPMENT_TEAM = WH5J483H76;
				GENERATE_INFOPLIST_FILE = YES;
				LD_RUNPATH_SEARCH_PATHS = (
					"$(inherited)",
					"@executable_path/Frameworks",
					"@loader_path/Frameworks",
				);
				MARKETING_VERSION = 1.0;
				PRODUCT_BUNDLE_IDENTIFIER = "com.Radhasharana.Myapp.Boiled-eggUITests";
				PRODUCT_NAME = "$(TARGET_NAME)";
				SWIFT_EMIT_LOC_STRINGS = NO;
				SWIFT_VERSION = 5.0;
				TARGETED_DEVICE_FAMILY = "1,2";
				TEST_TARGET_NAME = "Boiled egg";
			};
			name = Debug;
		};
		746276EF272AA49000C89855 /* Release */ = {
			isa = XCBuildConfiguration;
			buildSettings = {
				ALWAYS_EMBED_SWIFT_STANDARD_LIBRARIES = YES;
				CODE_SIGN_STYLE = Automatic;
				CURRENT_PROJECT_VERSION = 1;
				DEVELOPMENT_TEAM = WH5J483H76;
				GENERATE_INFOPLIST_FILE = YES;
				LD_RUNPATH_SEARCH_PATHS = (
					"$(inherited)",
					"@executable_path/Frameworks",
					"@loader_path/Frameworks",
				);
				MARKETING_VERSION = 1.0;
				PRODUCT_BUNDLE_IDENTIFIER = "com.Radhasharana.Myapp.Boiled-eggUITests";
				PRODUCT_NAME = "$(TARGET_NAME)";
				SWIFT_EMIT_LOC_STRINGS = NO;
				SWIFT_VERSION = 5.0;
				TARGETED_DEVICE_FAMILY = "1,2";
				TEST_TARGET_NAME = "Boiled egg";
			};
			name = Release;
		};
/* End XCBuildConfiguration section */

/* Begin XCConfigurationList section */
		746276B5272AA48E00C89855 /* Build configuration list for PBXProject "Boiled egg" */ = {
			isa = XCConfigurationList;
			buildConfigurations = (
				746276E5272AA49000C89855 /* Debug */,
				746276E6272AA49000C89855 /* Release */,
			);
			defaultConfigurationIsVisible = 0;
			defaultConfigurationName = Release;
		};
		746276E7272AA49000C89855 /* Build configuration list for PBXNativeTarget "Boiled egg" */ = {
			isa = XCConfigurationList;
			buildConfigurations = (
				746276E8272AA49000C89855 /* Debug */,
				746276E9272AA49000C89855 /* Release */,
			);
			defaultConfigurationIsVisible = 0;
			defaultConfigurationName = Release;
		};
		746276EA272AA49000C89855 /* Build configuration list for PBXNativeTarget "Boiled eggTests" */ = {
			isa = XCConfigurationList;
			buildConfigurations = (
				746276EB272AA49000C89855 /* Debug */,
				746276EC272AA49000C89855 /* Release */,
			);
			defaultConfigurationIsVisible = 0;
			defaultConfigurationName = Release;
		};
		746276ED272AA49000C89855 /* Build configuration list for PBXNativeTarget "Boiled eggUITests" */ = {
			isa = XCConfigurationList;
			buildConfigurations = (
				746276EE272AA49000C89855 /* Debug */,
				746276EF272AA49000C89855 /* Release */,
			);
			defaultConfigurationIsVisible = 0;
			defaultConfigurationName = Release;
		};
/* End XCConfigurationList section */

/* Begin XCVersionGroup section */
		746276C6272AA48E00C89855 /* Boiled_egg.xcdatamodeld */ = {
			isa = XCVersionGroup;
			children = (
				746276C7272AA48E00C89855 /* Boiled_egg.xcdatamodel */,
			);
			currentVersion = 746276C7272AA48E00C89855 /* Boiled_egg.xcdatamodel */;
			path = Boiled_egg.xcdatamodeld;
			sourceTree = "<group>";
			versionGroupType = wrapper.xcdatamodel;
		};
/* End XCVersionGroup section */
	};
	rootObject = 746276B2272AA48E00C89855 /* Project object */;
}
